
Microsoft Visual Studio Solution File, Format Version 12.00
# Visual Studio Version 16
VisualStudioVersion = 16.0.32228.343
MinimumVisualStudioVersion = 10.0.40219.1
Project("{FAE04EC0-301F-11D3-BF4B-00C04F79EFBC}") = "ClassLibrary2", "ClassLibrary2\ClassLibrary2.csproj", "{7E385A95-8B39-4867-A4B4-8AB577367EA1}"
EndProject
Global
	GlobalSection(SolutionConfigurationPlatforms) = preSolution
		Debug|Any CPU = Debug|Any CPU
		Release|Any CPU = Release|Any CPU
	EndGlobalSection
	GlobalSection(ProjectConfigurationPlatforms) = postSolution
		{7E385A95-8B39-4867-A4B4-8AB577367EA1}.Debug|Any CPU.ActiveCfg = Debug|Any CPU
		{7E385A95-8B39-4867-A4B4-8AB577367EA1}.Debug|Any CPU.Build.0 = Debug|Any CPU
		{7E385A95-8B39-4867-A4B4-8AB577367EA1}.Release|Any CPU.ActiveCfg = Release|Any CPU
		{7E385A95-8B39-4867-A4B4-8AB577367EA1}.Release|Any CPU.Build.0 = Release|Any CPU
	EndGlobalSection
	GlobalSection(SolutionProperties) = preSolution
		HideSolutionNode = FALSE
	EndGlobalSection
	GlobalSection(ExtensibilityGlobals) = postSolution
		SolutionGuid = {C61F7CCB-DFD2-4558-A6FA-7CC36647072B}
	EndGlobalSection
EndGlobal
